// !$*UTF8*$!
{
	archiveVersion = 1;
	classes = {
	};
	objectVersion = 55;
	objects = {

/* Begin PBXBuildFile section */
		D883660E2802B24C008CE4D8 /* AppCounterApp.swift in Sources */ = {isa = PBXBuildFile; fileRef = D883660D2802B24C008CE4D8 /* AppCounterApp.swift */; };
		D88366102802B24C008CE4D8 /* ContentView.swift in Sources */ = {isa = PBXBuildFile; fileRef = D883660F2802B24C008CE4D8 /* ContentView.swift */; };
		D88366122802B24F008CE4D8 /* Assets.xcassets in Resources */ = {isa = PBXBuildFile; fileRef = D88366112802B24F008CE4D8 /* Assets.xcassets */; };
		D88366152802B24F008CE4D8 /* Preview Assets.xcassets in Resources */ = {isa = PBXBuildFile; fileRef = D88366142802B24F008CE4D8 /* Preview Assets.xcassets */; };
		D883661F2802B24F008CE4D8 /* AppCounterTests.swift in Sources */ = {isa = PBXBuildFile; fileRef = D883661E2802B24F008CE4D8 /* AppCounterTests.swift */; };
		D88366292802B24F008CE4D8 /* AppCounterUITests.swift in Sources */ = {isa = PBXBuildFile; fileRef = D88366282802B24F008CE4D8 /* AppCounterUITests.swift */; };
		D883662B2802B24F008CE4D8 /* AppCounterUITestsLaunchTests.swift in Sources */ = {isa = PBXBuildFile; fileRef = D883662A2802B24F008CE4D8 /* AppCounterUITestsLaunchTests.swift */; };
/* End PBXBuildFile section */

/* Begin PBXContainerItemProxy section */
		D883661B2802B24F008CE4D8 /* PBXContainerItemProxy */ = {
			isa = PBXContainerItemProxy;
			containerPortal = D88366022802B24C008CE4D8 /* Project object */;
			proxyType = 1;
			remoteGlobalIDString = D88366092802B24C008CE4D8;
			remoteInfo = AppCounter;
		};
		D88366252802B24F008CE4D8 /* PBXContainerItemProxy */ = {
			isa = PBXContainerItemProxy;
			containerPortal = D88366022802B24C008CE4D8 /* Project object */;
			proxyType = 1;
			remoteGlobalIDString = D88366092802B24C008CE4D8;
			remoteInfo = AppCounter;
		};
/* End PBXContainerItemProxy section */

/* Begin PBXFileReference section */
		D883660A2802B24C008CE4D8 /* AppCounter.app */ = {isa = PBXFileReference; explicitFileType = wrapper.application; includeInIndex = 0; path = AppCounter.app; sourceTree = BUILT_PRODUCTS_DIR; };
		D883660D2802B24C008CE4D8 /* AppCounterApp.swift */ = {isa = PBXFileReference; lastKnownFileType = sourcecode.swift; path = AppCounterApp.swift; sourceTree = "<group>"; };
		D883660F2802B24C008CE4D8 /* ContentView.swift */ = {isa = PBXFileReference; lastKnownFileType = sourcecode.swift; path = ContentView.swift; sourceTree = "<group>"; };
		D88366112802B24F008CE4D8 /* Assets.xcassets */ = {isa = PBXFileReference; lastKnownFileType = folder.assetcatalog; path = Assets.xcassets; sourceTree = "<group>"; };
		D88366142802B24F008CE4D8 /* Preview Assets.xcassets */ = {isa = PBXFileReference; lastKnownFileType = folder.assetcatalog; path = "Preview Assets.xcassets"; sourceTree = "<group>"; };
		D883661A2802B24F008CE4D8 /* AppCounterTests.xctest */ = {isa = PBXFileReference; explicitFileType = wrapper.cfbundle; includeInIndex = 0; path = AppCounterTests.xctest; sourceTree = BUILT_PRODUCTS_DIR; };
		D883661E2802B24F008CE4D8 /* AppCounterTests.swift */ = {isa = PBXFileReference; lastKnownFileType = sourcecode.swift; path = AppCounterTests.swift; sourceTree = "<group>"; };
		D88366242802B24F008CE4D8 /* AppCounterUITests.xctest */ = {isa = PBXFileReference; explicitFileType = wrapper.cfbundle; includeInIndex = 0; path = AppCounterUITests.xctest; sourceTree = BUILT_PRODUCTS_DIR; };
		D88366282802B24F008CE4D8 /* AppCounterUITests.swift */ = {isa = PBXFileReference; lastKnownFileType = sourcecode.swift; path = AppCounterUITests.swift; sourceTree = "<group>"; };
		D883662A2802B24F008CE4D8 /* AppCounterUITestsLaunchTests.swift */ = {isa = PBXFileReference; lastKnownFileType = sourcecode.swift; path = AppCounterUITestsLaunchTests.swift; sourceTree = "<group>"; };
/* End PBXFileReference section */

/* Begin PBXFrameworksBuildPhase section */
		D88366072802B24C008CE4D8 /* Frameworks */ = {
			isa = PBXFrameworksBuildPhase;
			buildActionMask = 2147483647;
			files = (
			);
			runOnlyForDeploymentPostprocessing = 0;
		};
		D88366172802B24F008CE4D8 /* Frameworks */ = {
			isa = PBXFrameworksBuildPhase;
			buildActionMask = 2147483647;
			files = (
			);
			runOnlyForDeploymentPostprocessing = 0;
		};
		D88366212802B24F008CE4D8 /* Frameworks */ = {
			isa = PBXFrameworksBuildPhase;
			buildActionMask = 2147483647;
			files = (
			);
			runOnlyForDeploymentPostprocessing = 0;
		};
/* End PBXFrameworksBuildPhase section */

/* Begin PBXGroup section */
		D88366012802B24C008CE4D8 = {
			isa = PBXGroup;
			children = (
				D883660C2802B24C008CE4D8 /* AppCounter */,
				D883661D2802B24F008CE4D8 /* AppCounterTests */,
				D88366272802B24F008CE4D8 /* AppCounterUITests */,
				D883660B2802B24C008CE4D8 /* Products */,
			);
			sourceTree = "<group>";
		};
		D883660B2802B24C008CE4D8 /* Products */ = {
			isa = PBXGroup;
			children = (
				D883660A2802B24C008CE4D8 /* AppCounter.app */,
				D883661A2802B24F008CE4D8 /* AppCounterTests.xctest */,
				D88366242802B24F008CE4D8 /* AppCounterUITests.xctest */,
			);
			name = Products;
			sourceTree = "<group>";
		};
		D883660C2802B24C008CE4D8 /* AppCounter */ = {
			isa = PBXGroup;
			children = (
				D883660D2802B24C008CE4D8 /* AppCounterApp.swift */,
				D883660F2802B24C008CE4D8 /* ContentView.swift */,
				D88366112802B24F008CE4D8 /* Assets.xcassets */,
				D88366132802B24F008CE4D8 /* Preview Content */,
			);
			path = AppCounter;
			sourceTree = "<group>";
		};
		D88366132802B24F008CE4D8 /* Preview Content */ = {
			isa = PBXGroup;
			children = (
				D88366142802B24F008CE4D8 /* Preview Assets.xcassets */,
			);
			path = "Preview Content";
			sourceTree = "<group>";
		};
		D883661D2802B24F008CE4D8 /* AppCounterTests */ = {
			isa = PBXGroup;
			children = (
				D883661E2802B24F008CE4D8 /* AppCounterTests.swift */,
			);
			path = AppCounterTests;
			sourceTree = "<group>";
		};
		D88366272802B24F008CE4D8 /* AppCounterUITests */ = {
			isa = PBXGroup;
			children = (
				D88366282802B24F008CE4D8 /* AppCounterUITests.swift */,
				D883662A2802B24F008CE4D8 /* AppCounterUITestsLaunchTests.swift */,
			);
			path = AppCounterUITests;
			sourceTree = "<group>";
		};
/* End PBXGroup section */

/* Begin PBXNativeTarget section */
		D88366092802B24C008CE4D8 /* AppCounter */ = {
			isa = PBXNativeTarget;
			buildConfigurationList = D883662E2802B24F008CE4D8 /* Build configuration list for PBXNativeTarget "AppCounter" */;
			buildPhases = (
				D88366062802B24C008CE4D8 /* Sources */,
				D88366072802B24C008CE4D8 /* Frameworks */,
				D88366082802B24C008CE4D8 /* Resources */,
			);
			buildRules = (
			);
			dependencies = (
			);
			name = AppCounter;
			productName = AppCounter;
			productReference = D883660A2802B24C008CE4D8 /* AppCounter.app */;
			productType = "com.apple.product-type.application";
		};
		D88366192802B24F008CE4D8 /* AppCounterTests */ = {
			isa = PBXNativeTarget;
			buildConfigurationList = D88366312802B24F008CE4D8 /* Build configuration list for PBXNativeTarget "AppCounterTests" */;
			buildPhases = (
				D88366162802B24F008CE4D8 /* Sources */,
				D88366172802B24F008CE4D8 /* Frameworks */,
				D88366182802B24F008CE4D8 /* Resources */,
			);
			buildRules = (
			);
			dependencies = (
				D883661C2802B24F008CE4D8 /* PBXTargetDependency */,
			);
			name = AppCounterTests;
			productName = AppCounterTests;
			productReference = D883661A2802B24F008CE4D8 /* AppCounterTests.xctest */;
			productType = "com.apple.product-type.bundle.unit-test";
		};
		D88366232802B24F008CE4D8 /* AppCounterUITests */ = {
			isa = PBXNativeTarget;
			buildConfigurationList = D88366342802B24F008CE4D8 /* Build configuration list for PBXNativeTarget "AppCounterUITests" */;
			buildPhases = (
				D88366202802B24F008CE4D8 /* Sources */,
				D88366212802B24F008CE4D8 /* Frameworks */,
				D88366222802B24F008CE4D8 /* Resources */,
			);
			buildRules = (
			);
			dependencies = (
				D88366262802B24F008CE4D8 /* PBXTargetDependency */,
			);
			name = AppCounterUITests;
			productName = AppCounterUITests;
			productReference = D88366242802B24F008CE4D8 /* AppCounterUITests.xctest */;
			productType = "com.apple.product-type.bundle.ui-testing";
		};
/* End PBXNativeTarget section */

/* Begin PBXProject section */
		D88366022802B24C008CE4D8 /* Project object */ = {
			isa = PBXProject;
			attributes = {
				BuildIndependentTargetsInParallel = 1;
				LastSwiftUpdateCheck = 1330;
				LastUpgradeCheck = 1330;
				TargetAttributes = {
					D88366092802B24C008CE4D8 = {
						CreatedOnToolsVersion = 13.3;
					};
					D88366192802B24F008CE4D8 = {
						CreatedOnToolsVersion = 13.3;
						TestTargetID = D88366092802B24C008CE4D8;
					};
					D88366232802B24F008CE4D8 = {
						CreatedOnToolsVersion = 13.3;
						TestTargetID = D88366092802B24C008CE4D8;
					};
				};
			};
			buildConfigurationList = D88366052802B24C008CE4D8 /* Build configuration list for PBXProject "AppCounter" */;
			compatibilityVersion = "Xcode 13.0";
			developmentRegion = en;
			hasScannedForEncodings = 0;
			knownRegions = (
				en,
				Base,
			);
			mainGroup = D88366012802B24C008CE4D8;
			productRefGroup = D883660B2802B24C008CE4D8 /* Products */;
			projectDirPath = "";
			projectRoot = "";
			targets = (
				D88366092802B24C008CE4D8 /* AppCounter */,
				D88366192802B24F008CE4D8 /* AppCounterTests */,
				D88366232802B24F008CE4D8 /* AppCounterUITests */,
			);
		};
/* End PBXProject section */

/* Begin PBXResourcesBuildPhase section */
		D88366082802B24C008CE4D8 /* Resources */ = {
			isa = PBXResourcesBuildPhase;
			buildActionMask = 2147483647;
			files = (
				D88366152802B24F008CE4D8 /* Preview Assets.xcassets in Resources */,
				D88366122802B24F008CE4D8 /* Assets.xcassets in Resources */,
			);
			runOnlyForDeploymentPostprocessing = 0;
		};
		D88366182802B24F008CE4D8 /* Resources */ = {
			isa = PBXResourcesBuildPhase;
			buildActionMask = 2147483647;
			files = (
			);
			runOnlyForDeploymentPostprocessing = 0;
		};
		D88366222802B24F008CE4D8 /* Resources */ = {
			isa = PBXResourcesBuildPhase;
			buildActionMask = 2147483647;
			files = (
			);
			runOnlyForDeploymentPostprocessing = 0;
		};
/* End PBXResourcesBuildPhase section */

/* Begin PBXSourcesBuildPhase section */
		D88366062802B24C008CE4D8 /* Sources */ = {
			isa = PBXSourcesBuildPhase;
			buildActionMask = 2147483647;
			files = (
				D88366102802B24C008CE4D8 /* ContentView.swift in Sources */,
				D883660E2802B24C008CE4D8 /* AppCounterApp.swift in Sources */,
			);
			runOnlyForDeploymentPostprocessing = 0;
		};
		D88366162802B24F008CE4D8 /* Sources */ = {
			isa = PBXSourcesBuildPhase;
			buildActionMask = 2147483647;
			files = (
				D883661F2802B24F008CE4D8 /* AppCounterTests.swift in Sources */,
			);
			runOnlyForDeploymentPostprocessing = 0;
		};
		D88366202802B24F008CE4D8 /* Sources */ = {
			isa = PBXSourcesBuildPhase;
			buildActionMask = 2147483647;
			files = (
				D88366292802B24F008CE4D8 /* AppCounterUITests.swift in Sources */,
				D883662B2802B24F008CE4D8 /* AppCounterUITestsLaunchTests.swift in Sources */,
			);
			runOnlyForDeploymentPostprocessing = 0;
		};
/* End PBXSourcesBuildPhase section */

/* Begin PBXTargetDependency section */
		D883661C2802B24F008CE4D8 /* PBXTargetDependency */ = {
			isa = PBXTargetDependency;
			target = D88366092802B24C008CE4D8 /* AppCounter */;
			targetProxy = D883661B2802B24F008CE4D8 /* PBXContainerItemProxy */;
		};
		D88366262802B24F008CE4D8 /* PBXTargetDependency */ = {
			isa = PBXTargetDependency;
			target = D88366092802B24C008CE4D8 /* AppCounter */;
			targetProxy = D88366252802B24F008CE4D8 /* PBXContainerItemProxy */;
		};
/* End PBXTargetDependency section */

/* Begin XCBuildConfiguration section */
		D883662C2802B24F008CE4D8 /* Debug */ = {
			isa = XCBuildConfiguration;
			buildSettings = {
				ALWAYS_SEARCH_USER_PATHS = NO;
				CLANG_ANALYZER_NONNULL = YES;
				CLANG_ANALYZER_NUMBER_OBJECT_CONVERSION = YES_AGGRESSIVE;
				CLANG_CXX_LANGUAGE_STANDARD = "gnu++17";
				CLANG_ENABLE_MODULES = YES;
				CLANG_ENABLE_OBJC_ARC = YES;
				CLANG_ENABLE_OBJC_WEAK = YES;
				CLANG_WARN_BLOCK_CAPTURE_AUTORELEASING = YES;
				CLANG_WARN_BOOL_CONVERSION = YES;
				CLANG_WARN_COMMA = YES;
				CLANG_WARN_CONSTANT_CONVERSION = YES;
				CLANG_WARN_DEPRECATED_OBJC_IMPLEMENTATIONS = YES;
				CLANG_WARN_DIRECT_OBJC_ISA_USAGE = YES_ERROR;
				CLANG_WARN_DOCUMENTATION_COMMENTS = YES;
				CLANG_WARN_EMPTY_BODY = YES;
				CLANG_WARN_ENUM_CONVERSION = YES;
				CLANG_WARN_INFINITE_RECURSION = YES;
				CLANG_WARN_INT_CONVERSION = YES;
				CLANG_WARN_NON_LITERAL_NULL_CONVERSION = YES;
				CLANG_WARN_OBJC_IMPLICIT_RETAIN_SELF = YES;
				CLANG_WARN_OBJC_LITERAL_CONVERSION = YES;
				CLANG_WARN_OBJC_ROOT_CLASS = YES_ERROR;
				CLANG_WARN_QUOTED_INCLUDE_IN_FRAMEWORK_HEADER = YES;
				CLANG_WARN_RANGE_LOOP_ANALYSIS = YES;
				CLANG_WARN_STRICT_PROTOTYPES = YES;
				CLANG_WARN_SUSPICIOUS_MOVE = YES;
				CLANG_WARN_UNGUARDED_AVAILABILITY = YES_AGGRESSIVE;
				CLANG_WARN_UNREACHABLE_CODE = YES;
				CLANG_WARN__DUPLICATE_METHOD_MATCH = YES;
				COPY_PHASE_STRIP = NO;
				DEBUG_INFORMATION_FORMAT = dwarf;
				ENABLE_STRICT_OBJC_MSGSEND = YES;
				ENABLE_TESTABILITY = YES;
				GCC_C_LANGUAGE_STANDARD = gnu11;
				GCC_DYNAMIC_NO_PIC = NO;
				GCC_NO_COMMON_BLOCKS = YES;
				GCC_OPTIMIZATION_LEVEL = 0;
				GCC_PREPROCESSOR_DEFINITIONS = (
					"DEBUG=1",
					"$(inherited)",
				);
				GCC_WARN_64_TO_32_BIT_CONVERSION = YES;
				GCC_WARN_ABOUT_RETURN_TYPE = YES_ERROR;
				GCC_WARN_UNDECLARED_SELECTOR = YES;
				GCC_WARN_UNINITIALIZED_AUTOS = YES_AGGRESSIVE;
				GCC_WARN_UNUSED_FUNCTION = YES;
				GCC_WARN_UNUSED_VARIABLE = YES;
				IPHONEOS_DEPLOYMENT_TARGET = 15.4;
				MTL_ENABLE_DEBUG_INFO = INCLUDE_SOURCE;
				MTL_FAST_MATH = YES;
				ONLY_ACTIVE_ARCH = YES;
				SDKROOT = iphoneos;
				SWIFT_ACTIVE_COMPILATION_CONDITIONS = DEBUG;
				SWIFT_OPTIMIZATION_LEVEL = "-Onone";
			};
			name = Debug;
		};
		D883662D2802B24F008CE4D8 /* Release */ = {
			isa = XCBuildConfiguration;
			buildSettings = {
				ALWAYS_SEARCH_USER_PATHS = NO;
				CLANG_ANALYZER_NONNULL = YES;
				CLANG_ANALYZER_NUMBER_OBJECT_CONVERSION = YES_AGGRESSIVE;
				CLANG_CXX_LANGUAGE_STANDARD = "gnu++17";
				CLANG_ENABLE_MODULES = YES;
				CLANG_ENABLE_OBJC_ARC = YES;
				CLANG_ENABLE_OBJC_WEAK = YES;
				CLANG_WARN_BLOCK_CAPTURE_AUTORELEASING = YES;
				CLANG_WARN_BOOL_CONVERSION = YES;
				CLANG_WARN_COMMA = YES;
				CLANG_WARN_CONSTANT_CONVERSION = YES;
				CLANG_WARN_DEPRECATED_OBJC_IMPLEMENTATIONS = YES;
				CLANG_WARN_DIRECT_OBJC_ISA_USAGE = YES_ERROR;
				CLANG_WARN_DOCUMENTATION_COMMENTS = YES;
				CLANG_WARN_EMPTY_BODY = YES;
				CLANG_WARN_ENUM_CONVERSION = YES;
				CLANG_WARN_INFINITE_RECURSION = YES;
				CLANG_WARN_INT_CONVERSION = YES;
				CLANG_WARN_NON_LITERAL_NULL_CONVERSION = YES;
				CLANG_WARN_OBJC_IMPLICIT_RETAIN_SELF = YES;
				CLANG_WARN_OBJC_LITERAL_CONVERSION = YES;
				CLANG_WARN_OBJC_ROOT_CLASS = YES_ERROR;
				CLANG_WARN_QUOTED_INCLUDE_IN_FRAMEWORK_HEADER = YES;
				CLANG_WARN_RANGE_LOOP_ANALYSIS = YES;
				CLANG_WARN_STRICT_PROTOTYPES = YES;
				CLANG_WARN_SUSPICIOUS_MOVE = YES;
				CLANG_WARN_UNGUARDED_AVAILABILITY = YES_AGGRESSIVE;
				CLANG_WARN_UNREACHABLE_CODE = YES;
				CLANG_WARN__DUPLICATE_METHOD_MATCH = YES;
				COPY_PHASE_STRIP = NO;
				DEBUG_INFORMATION_FORMAT = "dwarf-with-dsym";
				ENABLE_NS_ASSERTIONS = NO;
				ENABLE_STRICT_OBJC_MSGSEND = YES;
				GCC_C_LANGUAGE_STANDARD = gnu11;
				GCC_NO_COMMON_BLOCKS = YES;
				GCC_WARN_64_TO_32_BIT_CONVERSION = YES;
				GCC_WARN_ABOUT_RETURN_TYPE = YES_ERROR;
				GCC_WARN_UNDECLARED_SELECTOR = YES;
				GCC_WARN_UNINITIALIZED_AUTOS = YES_AGGRESSIVE;
				GCC_WARN_UNUSED_FUNCTION = YES;
				GCC_WARN_UNUSED_VARIABLE = YES;
				IPHONEOS_DEPLOYMENT_TARGET = 15.4;
				MTL_ENABLE_DEBUG_INFO = NO;
				MTL_FAST_MATH = YES;
				SDKROOT = iphoneos;
				SWIFT_COMPILATION_MODE = wholemodule;
				SWIFT_OPTIMIZATION_LEVEL = "-O";
				VALIDATE_PRODUCT = YES;
			};
			name = Release;
		};
		D883662F2802B24F008CE4D8 /* Debug */ = {
			isa = XCBuildConfiguration;
			buildSettings = {
				ASSETCATALOG_COMPILER_APPICON_NAME = AppIcon;
				ASSETCATALOG_COMPILER_GLOBAL_ACCENT_COLOR_NAME = AccentColor;
				CODE_SIGN_STYLE = Automatic;
				CURRENT_PROJECT_VERSION = 1;
				DEVELOPMENT_ASSET_PATHS = "\"AppCounter/Preview Content\"";
				ENABLE_PREVIEWS = YES;
				GENERATE_INFOPLIST_FILE = YES;
				INFOPLIST_KEY_UIApplicationSceneManifest_Generation = YES;
				INFOPLIST_KEY_UIApplicationSupportsIndirectInputEvents = YES;
				INFOPLIST_KEY_UILaunchScreen_Generation = YES;
				INFOPLIST_KEY_UISupportedInterfaceOrientations_iPad = "UIInterfaceOrientationPortrait UIInterfaceOrientationPortraitUpsideDown UIInterfaceOrientationLandscapeLeft UIInterfaceOrientationLandscapeRight";
				INFOPLIST_KEY_UISupportedInterfaceOrientations_iPhone = "UIInterfaceOrientationPortrait UIInterfaceOrientationLandscapeLeft UIInterfaceOrientationLandscapeRight";
				LD_RUNPATH_SEARCH_PATHS = (
					"$(inherited)",
					"@executable_path/Frameworks",
				);
				MARKETING_VERSION = 1.0;
				PRODUCT_BUNDLE_IDENTIFIER = tech.padua.AppCounter;
				PRODUCT_NAME = "$(TARGET_NAME)";
				SWIFT_EMIT_LOC_STRINGS = YES;
				SWIFT_VERSION = 5.0;
				TARGETED_DEVICE_FAMILY = "1,2";
			};
			name = Debug;
		};
		D88366302802B24F008CE4D8 /* Release */ = {
			isa = XCBuildConfiguration;
			buildSettings = {
				ASSETCATALOG_COMPILER_APPICON_NAME = AppIcon;
				ASSETCATALOG_COMPILER_GLOBAL_ACCENT_COLOR_NAME = AccentColor;
				CODE_SIGN_STYLE = Automatic;
				CURRENT_PROJECT_VERSION = 1;
				DEVELOPMENT_ASSET_PATHS = "\"AppCounter/Preview Content\"";
				ENABLE_PREVIEWS = YES;
				GENERATE_INFOPLIST_FILE = YES;
				INFOPLIST_KEY_UIApplicationSceneManifest_Generation = YES;
				INFOPLIST_KEY_UIApplicationSupportsIndirectInputEvents = YES;
				INFOPLIST_KEY_UILaunchScreen_Generation = YES;
				INFOPLIST_KEY_UISupportedInterfaceOrientations_iPad = "UIInterfaceOrientationPortrait UIInterfaceOrientationPortraitUpsideDown UIInterfaceOrientationLandscapeLeft UIInterfaceOrientationLandscapeRight";
				INFOPLIST_KEY_UISupportedInterfaceOrientations_iPhone = "UIInterfaceOrientationPortrait UIInterfaceOrientationLandscapeLeft UIInterfaceOrientationLandscapeRight";
				LD_RUNPATH_SEARCH_PATHS = (
					"$(inherited)",
					"@executable_path/Frameworks",
				);
				MARKETING_VERSION = 1.0;
				PRODUCT_BUNDLE_IDENTIFIER = tech.padua.AppCounter;
				PRODUCT_NAME = "$(TARGET_NAME)";
				SWIFT_EMIT_LOC_STRINGS = YES;
				SWIFT_VERSION = 5.0;
				TARGETED_DEVICE_FAMILY = "1,2";
			};
			name = Release;
		};
		D88366322802B24F008CE4D8 /* Debug */ = {
			isa = XCBuildConfiguration;
			buildSettings = {
				ALWAYS_EMBED_SWIFT_STANDARD_LIBRARIES = YES;
				BUNDLE_LOADER = "$(TEST_HOST)";
				CODE_SIGN_STYLE = Automatic;
				CURRENT_PROJECT_VERSION = 1;
				GENERATE_INFOPLIST_FILE = YES;
				IPHONEOS_DEPLOYMENT_TARGET = 15.4;
				MARKETING_VERSION = 1.0;
				PRODUCT_BUNDLE_IDENTIFIER = tech.padua.AppCounterTests;
				PRODUCT_NAME = "$(TARGET_NAME)";
				SWIFT_EMIT_LOC_STRINGS = NO;
				SWIFT_VERSION = 5.0;
				TARGETED_DEVICE_FAMILY = "1,2";
				TEST_HOST = "$(BUILT_PRODUCTS_DIR)/AppCounter.app/AppCounter";
			};
			name = Debug;
		};
		D88366332802B24F008CE4D8 /* Release */ = {
			isa = XCBuildConfiguration;
			buildSettings = {
				ALWAYS_EMBED_SWIFT_STANDARD_LIBRARIES = YES;
				BUNDLE_LOADER = "$(TEST_HOST)";
				CODE_SIGN_STYLE = Automatic;
				CURRENT_PROJECT_VERSION = 1;
				GENERATE_INFOPLIST_FILE = YES;
				IPHONEOS_DEPLOYMENT_TARGET = 15.4;
				MARKETING_VERSION = 1.0;
				PRODUCT_BUNDLE_IDENTIFIER = tech.padua.AppCounterTests;
				PRODUCT_NAME = "$(TARGET_NAME)";
				SWIFT_EMIT_LOC_STRINGS = NO;
				SWIFT_VERSION = 5.0;
				TARGETED_DEVICE_FAMILY = "1,2";
				TEST_HOST = "$(BUILT_PRODUCTS_DIR)/AppCounter.app/AppCounter";
			};
			name = Release;
		};
		D88366352802B24F008CE4D8 /* Debug */ = {
			isa = XCBuildConfiguration;
			buildSettings = {
				ALWAYS_EMBED_SWIFT_STANDARD_LIBRARIES = YES;
				CODE_SIGN_STYLE = Automatic;
				CURRENT_PROJECT_VERSION = 1;
				GENERATE_INFOPLIST_FILE = YES;
				MARKETING_VERSION = 1.0;
				PRODUCT_BUNDLE_IDENTIFIER = tech.padua.AppCounterUITests;
				PRODUCT_NAME = "$(TARGET_NAME)";
				SWIFT_EMIT_LOC_STRINGS = NO;
				SWIFT_VERSION = 5.0;
				TARGETED_DEVICE_FAMILY = "1,2";
				TEST_TARGET_NAME = AppCounter;
			};
			name = Debug;
		};
		D88366362802B24F008CE4D8 /* Release */ = {
			isa = XCBuildConfiguration;
			buildSettings = {
				ALWAYS_EMBED_SWIFT_STANDARD_LIBRARIES = YES;
				CODE_SIGN_STYLE = Automatic;
				CURRENT_PROJECT_VERSION = 1;
				GENERATE_INFOPLIST_FILE = YES;
				MARKETING_VERSION = 1.0;
				PRODUCT_BUNDLE_IDENTIFIER = tech.padua.AppCounterUITests;
				PRODUCT_NAME = "$(TARGET_NAME)";
				SWIFT_EMIT_LOC_STRINGS = NO;
				SWIFT_VERSION = 5.0;
				TARGETED_DEVICE_FAMILY = "1,2";
				TEST_TARGET_NAME = AppCounter;
			};
			name = Release;
		};
/* End XCBuildConfiguration section */

/* Begin XCConfigurationList section */
		D88366052802B24C008CE4D8 /* Build configuration list for PBXProject "AppCounter" */ = {
			isa = XCConfigurationList;
			buildConfigurations = (
				D883662C2802B24F008CE4D8 /* Debug */,
				D883662D2802B24F008CE4D8 /* Release */,
			);
			defaultConfigurationIsVisible = 0;
			defaultConfigurationName = Release;
		};
		D883662E2802B24F008CE4D8 /* Build configuration list for PBXNativeTarget "AppCounter" */ = {
			isa = XCConfigurationList;
			buildConfigurations = (
				D883662F2802B24F008CE4D8 /* Debug */,
				D88366302802B24F008CE4D8 /* Release */,
			);
			defaultConfigurationIsVisible = 0;
			defaultConfigurationName = Release;
		};
		D88366312802B24F008CE4D8 /* Build configuration list for PBXNativeTarget "AppCounterTests" */ = {
			isa = XCConfigurationList;
			buildConfigurations = (
				D88366322802B24F008CE4D8 /* Debug */,
				D88366332802B24F008CE4D8 /* Release */,
			);
			defaultConfigurationIsVisible = 0;
			defaultConfigurationName = Release;
		};
		D88366342802B24F008CE4D8 /* Build configuration list for PBXNativeTarget "AppCounterUITests" */ = {
			isa = XCConfigurationList;
			buildConfigurations = (
				D88366352802B24F008CE4D8 /* Debug */,
				D88366362802B24F008CE4D8 /* Release */,
			);
			defaultConfigurationIsVisible = 0;
			defaultConfigurationName = Release;
		};
/* End XCConfigurationList section */
	};
	rootObject = D88366022802B24C008CE4D8 /* Project object */;
}
